// !$*UTF8*$!
{
	archiveVersion = 1;
	classes = {
	};
	objectVersion = 55;
	objects = {

/* Begin PBXBuildFile section */
		766F5EB7283CF5DE00B936E5 /* 7576.swift in Sources */ = {isa = PBXBuildFile; fileRef = 766F5EAF283C554900B936E5 /* 7576.swift */; };
		76DFEBB7286ECD8900185A5D /* 1865.swift in Sources */ = {isa = PBXBuildFile; fileRef = 76DFEBB6286ECD8900185A5D /* 1865.swift */; };
/* End PBXBuildFile section */

/* Begin PBXCopyFilesBuildPhase section */
		766F5DF62826390100B936E5 /* CopyFiles */ = {
			isa = PBXCopyFilesBuildPhase;
			buildActionMask = 2147483647;
			dstPath = /usr/share/man/man1/;
			dstSubfolderSpec = 0;
			files = (
			);
			runOnlyForDeploymentPostprocessing = 1;
		};
/* End PBXCopyFilesBuildPhase section */

/* Begin PBXFileReference section */
		766F5DF82826390100B936E5 /* BaekJoon */ = {isa = PBXFileReference; explicitFileType = "compiled.mach-o.executable"; includeInIndex = 0; path = BaekJoon; sourceTree = BUILT_PRODUCTS_DIR; };
		766F5DFB2826390100B936E5 /* 2309.swift */ = {isa = PBXFileReference; lastKnownFileType = sourcecode.swift; path = 2309.swift; sourceTree = "<group>"; };
		766F5E05282639F800B936E5 /* 18111.swift */ = {isa = PBXFileReference; lastKnownFileType = sourcecode.swift; path = 18111.swift; sourceTree = "<group>"; };
		766F5E0E2826543A00B936E5 /* 1931.swift */ = {isa = PBXFileReference; lastKnownFileType = sourcecode.swift; path = 1931.swift; sourceTree = "<group>"; };
		766F5E1228265CF600B936E5 /* 1026.swift */ = {isa = PBXFileReference; lastKnownFileType = sourcecode.swift; path = 1026.swift; sourceTree = "<group>"; };
		766F5E152826626B00B936E5 /* 1926.swift */ = {isa = PBXFileReference; lastKnownFileType = sourcecode.swift; path = 1926.swift; sourceTree = "<group>"; };
		766F5E1928288D3700B936E5 /* 1517 */ = {isa = PBXFileReference; lastKnownFileType = folder; path = 1517; sourceTree = "<group>"; };
		766F5E1F28291A9800B936E5 /* 10830.swift */ = {isa = PBXFileReference; fileEncoding = 4; lastKnownFileType = sourcecode.swift; path = 10830.swift; sourceTree = "<group>"; };
		766F5E222829D42900B936E5 /* 2630.swift */ = {isa = PBXFileReference; lastKnownFileType = sourcecode.swift; path = 2630.swift; sourceTree = "<group>"; };
		766F5E26282A99E800B936E5 /* 1920.swift */ = {isa = PBXFileReference; lastKnownFileType = sourcecode.swift; path = 1920.swift; sourceTree = "<group>"; };
		766F5E29282A9E0100B936E5 /* 10816.swift */ = {isa = PBXFileReference; lastKnownFileType = sourcecode.swift; path = 10816.swift; sourceTree = "<group>"; };
		766F5E2E282AA75A00B936E5 /* 15777.swift */ = {isa = PBXFileReference; lastKnownFileType = sourcecode.swift; path = 15777.swift; sourceTree = "<group>"; };
		766F5E31282BE22000B936E5 /* 3020.swift */ = {isa = PBXFileReference; lastKnownFileType = sourcecode.swift; path = 3020.swift; sourceTree = "<group>"; };
		766F5E34282F3DEC00B936E5 /* 2792.swift */ = {isa = PBXFileReference; lastKnownFileType = sourcecode.swift; path = 2792.swift; sourceTree = "<group>"; };
		766F5E37282F3FC600B936E5 /* 1654.swift */ = {isa = PBXFileReference; lastKnownFileType = sourcecode.swift; path = 1654.swift; sourceTree = "<group>"; };
		766F5E3A282F512C00B936E5 /* 2512.swift */ = {isa = PBXFileReference; lastKnownFileType = sourcecode.swift; path = 2512.swift; sourceTree = "<group>"; };
		766F5E40283110A900B936E5 /* 2512.swift */ = {isa = PBXFileReference; lastKnownFileType = sourcecode.swift; path = 2512.swift; sourceTree = "<group>"; };
		766F5E4328330EEE00B936E5 /* 12015.swift */ = {isa = PBXFileReference; lastKnownFileType = sourcecode.swift; path = 12015.swift; sourceTree = "<group>"; };
		766F5E46283314D300B936E5 /* 3745.swift */ = {isa = PBXFileReference; lastKnownFileType = sourcecode.swift; path = 3745.swift; sourceTree = "<group>"; };
		766F5E5F2833905200B936E5 /* 2352.swift */ = {isa = PBXFileReference; lastKnownFileType = sourcecode.swift; path = 2352.swift; sourceTree = "<group>"; };
		766F5E632833918100B936E5 /* 1365.swift */ = {isa = PBXFileReference; lastKnownFileType = sourcecode.swift; path = 1365.swift; sourceTree = "<group>"; };
		766F5E672835B6EA00B936E5 /* 1260.swift */ = {isa = PBXFileReference; lastKnownFileType = sourcecode.swift; path = 1260.swift; sourceTree = "<group>"; };
		766F5EA42837A63500B936E5 /* 11724.swift */ = {isa = PBXFileReference; lastKnownFileType = sourcecode.swift; path = 11724.swift; sourceTree = "<group>"; };
		766F5EA92837AD6600B936E5 /* 2178.swift */ = {isa = PBXFileReference; lastKnownFileType = sourcecode.swift; path = 2178.swift; sourceTree = "<group>"; };
		766F5EAC283AFEC600B936E5 /* 1012.swift */ = {isa = PBXFileReference; lastKnownFileType = sourcecode.swift; path = 1012.swift; sourceTree = "<group>"; };
		766F5EAF283C554900B936E5 /* 7576.swift */ = {isa = PBXFileReference; lastKnownFileType = sourcecode.swift; path = 7576.swift; sourceTree = "<group>"; };
		766F5EB2283CA7BA00B936E5 /* 2644.swift */ = {isa = PBXFileReference; lastKnownFileType = sourcecode.swift; path = 2644.swift; sourceTree = "<group>"; };
		766F5EB5283CECCB00B936E5 /* 2583.swift */ = {isa = PBXFileReference; lastKnownFileType = sourcecode.swift; path = 2583.swift; sourceTree = "<group>"; };
		766F5EB9283D9F9400B936E5 /* 7562.swift */ = {isa = PBXFileReference; lastKnownFileType = sourcecode.swift; path = 7562.swift; sourceTree = "<group>"; };
		766F5EBD283EEFC000B936E5 /* 1927.swift */ = {isa = PBXFileReference; lastKnownFileType = sourcecode.swift; path = 1927.swift; sourceTree = "<group>"; };
		766F5EC0283EF31600B936E5 /* 1753.swift */ = {isa = PBXFileReference; lastKnownFileType = sourcecode.swift; path = 1753.swift; sourceTree = "<group>"; };
		76DFEB81286B3DA500185A5D /* 1238.swift */ = {isa = PBXFileReference; lastKnownFileType = sourcecode.swift; path = 1238.swift; sourceTree = "<group>"; };
		76DFEBA8286C530200185A5D /* 17396.swift */ = {isa = PBXFileReference; lastKnownFileType = sourcecode.swift; path = 17396.swift; sourceTree = "<group>"; };
		76DFEBAB286C606B00185A5D /* 11404.swift */ = {isa = PBXFileReference; lastKnownFileType = sourcecode.swift; path = 11404.swift; sourceTree = "<group>"; };
		76DFEBB0286DE8A400185A5D /* 2610.swift */ = {isa = PBXFileReference; lastKnownFileType = sourcecode.swift; path = 2610.swift; sourceTree = "<group>"; };
		76DFEBB3286EBE1000185A5D /* 11657.swift */ = {isa = PBXFileReference; lastKnownFileType = sourcecode.swift; path = 11657.swift; sourceTree = "<group>"; };
		76DFEBB6286ECD8900185A5D /* 1865.swift */ = {isa = PBXFileReference; lastKnownFileType = sourcecode.swift; path = 1865.swift; sourceTree = "<group>"; };
/* End PBXFileReference section */

/* Begin PBXFrameworksBuildPhase section */
		766F5DF52826390100B936E5 /* Frameworks */ = {
			isa = PBXFrameworksBuildPhase;
			buildActionMask = 2147483647;
			files = (
			);
			runOnlyForDeploymentPostprocessing = 0;
		};
/* End PBXFrameworksBuildPhase section */

/* Begin PBXGroup section */
		766F5DEF2826390100B936E5 = {
			isa = PBXGroup;
			children = (
				766F5DFA2826390100B936E5 /* BaekJoon */,
				766F5DF92826390100B936E5 /* Products */,
			);
			sourceTree = "<group>";
		};
		766F5DF92826390100B936E5 /* Products */ = {
			isa = PBXGroup;
			children = (
				766F5DF82826390100B936E5 /* BaekJoon */,
			);
			name = Products;
			sourceTree = "<group>";
		};
		766F5DFA2826390100B936E5 /* BaekJoon */ = {
			isa = PBXGroup;
			children = (
				766F5EBB283EEF7C00B936E5 /* 4week */,
				766F5E652835B6D200B936E5 /* 3week */,
				766F5E24282A98EA00B936E5 /* 2week */,
				766F5E022826390900B936E5 /* 1week */,
			);
			path = BaekJoon;
			sourceTree = "<group>";
		};
		766F5E022826390900B936E5 /* 1week */ = {
			isa = PBXGroup;
			children = (
				766F5E2B282AA73100B936E5 /* 151777 */,
				766F5E212829D41800B936E5 /* 2630 */,
				766F5E1E28291A8A00B936E5 /* 10830 */,
				766F5E1928288D3700B936E5 /* 1517 */,
				766F5E142826618D00B936E5 /* 1926 */,
				766F5E1128265CE800B936E5 /* 1026 */,
				766F5E0D2826542900B936E5 /* 1931 */,
				766F5E04282639EC00B936E5 /* 18111 */,
				766F5E032826391700B936E5 /* 2309 */,
			);
			path = 1week;
			sourceTree = "<group>";
		};
		766F5E032826391700B936E5 /* 2309 */ = {
			isa = PBXGroup;
			children = (
				766F5DFB2826390100B936E5 /* 2309.swift */,
			);
			path = 2309;
			sourceTree = "<group>";
		};
		766F5E04282639EC00B936E5 /* 18111 */ = {
			isa = PBXGroup;
			children = (
				766F5E05282639F800B936E5 /* 18111.swift */,
			);
			path = 18111;
			sourceTree = "<group>";
		};
		766F5E0D2826542900B936E5 /* 1931 */ = {
			isa = PBXGroup;
			children = (
				766F5E0E2826543A00B936E5 /* 1931.swift */,
			);
			path = 1931;
			sourceTree = "<group>";
		};
		766F5E1128265CE800B936E5 /* 1026 */ = {
			isa = PBXGroup;
			children = (
				766F5E1228265CF600B936E5 /* 1026.swift */,
			);
			path = 1026;
			sourceTree = "<group>";
		};
		766F5E142826618D00B936E5 /* 1926 */ = {
			isa = PBXGroup;
			children = (
				766F5E152826626B00B936E5 /* 1926.swift */,
			);
			path = 1926;
			sourceTree = "<group>";
		};
		766F5E1E28291A8A00B936E5 /* 10830 */ = {
			isa = PBXGroup;
			children = (
				766F5E1F28291A9800B936E5 /* 10830.swift */,
			);
			path = 10830;
			sourceTree = "<group>";
		};
		766F5E212829D41800B936E5 /* 2630 */ = {
			isa = PBXGroup;
			children = (
				766F5E222829D42900B936E5 /* 2630.swift */,
			);
			path = 2630;
			sourceTree = "<group>";
		};
		766F5E24282A98EA00B936E5 /* 2week */ = {
			isa = PBXGroup;
			children = (
				766F5E612833916400B936E5 /* 1365 */,
				766F5E5E2833901900B936E5 /* 2352 */,
				766F5E45283314C700B936E5 /* 3745 */,
				766F5E4228330E8900B936E5 /* 12015 */,
				766F5E3D2831108500B936E5 /* 2512 */,
				766F5E39282F510C00B936E5 /* 2512_2792임 */,
				766F5E36282F3FB800B936E5 /* 1654 */,
				766F5E33282F3D3C00B936E5 /* 2792 */,
				766F5E30282BE21400B936E5 /* 3020 */,
				766F5E28282A9DF200B936E5 /* 10816 */,
				766F5E25282A98F500B936E5 /* 1920 */,
			);
			path = 2week;
			sourceTree = "<group>";
		};
		766F5E25282A98F500B936E5 /* 1920 */ = {
			isa = PBXGroup;
			children = (
				766F5E26282A99E800B936E5 /* 1920.swift */,
			);
			path = 1920;
			sourceTree = "<group>";
		};
		766F5E28282A9DF200B936E5 /* 10816 */ = {
			isa = PBXGroup;
			children = (
				766F5E29282A9E0100B936E5 /* 10816.swift */,
			);
			path = 10816;
			sourceTree = "<group>";
		};
		766F5E2B282AA73100B936E5 /* 151777 */ = {
			isa = PBXGroup;
			children = (
				766F5E2E282AA75A00B936E5 /* 15777.swift */,
			);
			path = 151777;
			sourceTree = "<group>";
		};
		766F5E30282BE21400B936E5 /* 3020 */ = {
			isa = PBXGroup;
			children = (
				766F5E31282BE22000B936E5 /* 3020.swift */,
			);
			path = 3020;
			sourceTree = "<group>";
		};
		766F5E33282F3D3C00B936E5 /* 2792 */ = {
			isa = PBXGroup;
			children = (
				766F5E34282F3DEC00B936E5 /* 2792.swift */,
			);
			path = 2792;
			sourceTree = "<group>";
		};
		766F5E36282F3FB800B936E5 /* 1654 */ = {
			isa = PBXGroup;
			children = (
				766F5E37282F3FC600B936E5 /* 1654.swift */,
			);
			path = 1654;
			sourceTree = "<group>";
		};
		766F5E39282F510C00B936E5 /* 2512_2792임 */ = {
			isa = PBXGroup;
			children = (
				766F5E3A282F512C00B936E5 /* 2512.swift */,
			);
			name = "2512_2792임";
			path = "2512_2792임";
			sourceTree = "<group>";
		};
		766F5E3D2831108500B936E5 /* 2512 */ = {
			isa = PBXGroup;
			children = (
				766F5E40283110A900B936E5 /* 2512.swift */,
			);
			path = 2512;
			sourceTree = "<group>";
		};
		766F5E4228330E8900B936E5 /* 12015 */ = {
			isa = PBXGroup;
			children = (
				766F5E4328330EEE00B936E5 /* 12015.swift */,
			);
			path = 12015;
			sourceTree = "<group>";
		};
		766F5E45283314C700B936E5 /* 3745 */ = {
			isa = PBXGroup;
			children = (
				766F5E46283314D300B936E5 /* 3745.swift */,
			);
			path = 3745;
			sourceTree = "<group>";
		};
		766F5E5E2833901900B936E5 /* 2352 */ = {
			isa = PBXGroup;
			children = (
				766F5E5F2833905200B936E5 /* 2352.swift */,
			);
			path = 2352;
			sourceTree = "<group>";
		};
		766F5E612833916400B936E5 /* 1365 */ = {
			isa = PBXGroup;
			children = (
				766F5E632833918100B936E5 /* 1365.swift */,
			);
			path = 1365;
			sourceTree = "<group>";
		};
		766F5E652835B6D200B936E5 /* 3week */ = {
			isa = PBXGroup;
			children = (
				766F5EB8283D9F6F00B936E5 /* 7562 */,
				766F5EB4283CECC400B936E5 /* 2583 */,
				766F5EB1283CA74B00B936E5 /* 2644 */,
				766F5EAE283C553E00B936E5 /* 7576 */,
				766F5EAB283AFEBB00B936E5 /* 1012 */,
				766F5EA82837AD5C00B936E5 /* 2178 */,
				766F5EA32837A62700B936E5 /* 11724 */,
				766F5E662835B6D700B936E5 /* 1260 */,
			);
			path = 3week;
			sourceTree = "<group>";
		};
		766F5E662835B6D700B936E5 /* 1260 */ = {
			isa = PBXGroup;
			children = (
				766F5E672835B6EA00B936E5 /* 1260.swift */,
			);
			path = 1260;
			sourceTree = "<group>";
		};
		766F5EA32837A62700B936E5 /* 11724 */ = {
			isa = PBXGroup;
			children = (
				766F5EA42837A63500B936E5 /* 11724.swift */,
			);
			path = 11724;
			sourceTree = "<group>";
		};
		766F5EA82837AD5C00B936E5 /* 2178 */ = {
			isa = PBXGroup;
			children = (
				766F5EA92837AD6600B936E5 /* 2178.swift */,
			);
			path = 2178;
			sourceTree = "<group>";
		};
		766F5EAB283AFEBB00B936E5 /* 1012 */ = {
			isa = PBXGroup;
			children = (
				766F5EAC283AFEC600B936E5 /* 1012.swift */,
			);
			path = 1012;
			sourceTree = "<group>";
		};
		766F5EAE283C553E00B936E5 /* 7576 */ = {
			isa = PBXGroup;
			children = (
				766F5EAF283C554900B936E5 /* 7576.swift */,
			);
			path = 7576;
			sourceTree = "<group>";
		};
		766F5EB1283CA74B00B936E5 /* 2644 */ = {
			isa = PBXGroup;
			children = (
				766F5EB2283CA7BA00B936E5 /* 2644.swift */,
			);
			path = 2644;
			sourceTree = "<group>";
		};
		766F5EB4283CECC400B936E5 /* 2583 */ = {
			isa = PBXGroup;
			children = (
				766F5EB5283CECCB00B936E5 /* 2583.swift */,
			);
			path = 2583;
			sourceTree = "<group>";
		};
		766F5EB8283D9F6F00B936E5 /* 7562 */ = {
			isa = PBXGroup;
			children = (
				766F5EB9283D9F9400B936E5 /* 7562.swift */,
			);
			path = 7562;
			sourceTree = "<group>";
		};
		766F5EBB283EEF7C00B936E5 /* 4week */ = {
			isa = PBXGroup;
			children = (
				76DFEBB5286ECD7A00185A5D /* 1865 */,
				76DFEBB2286EBDF900185A5D /* 11657 */,
				76DFEBAF286DE89B00185A5D /* 2610 */,
				76DFEBAA286C605D00185A5D /* 11404 */,
				76DFEBA7286C52F700185A5D /* 17396 */,
				76DFEB7F286B3D8A00185A5D /* 1238 */,
				766F5EBF283EF30B00B936E5 /* 1753 */,
				766F5EBC283EEFB900B936E5 /* 1927 */,
			);
			path = 4week;
			sourceTree = "<group>";
		};
		766F5EBC283EEFB900B936E5 /* 1927 */ = {
			isa = PBXGroup;
			children = (
				766F5EBD283EEFC000B936E5 /* 1927.swift */,
			);
			path = 1927;
			sourceTree = "<group>";
		};
		766F5EBF283EF30B00B936E5 /* 1753 */ = {
			isa = PBXGroup;
			children = (
				766F5EC0283EF31600B936E5 /* 1753.swift */,
			);
			path = 1753;
			sourceTree = "<group>";
		};
		76DFEB7F286B3D8A00185A5D /* 1238 */ = {
			isa = PBXGroup;
			children = (
				76DFEB81286B3DA500185A5D /* 1238.swift */,
			);
			path = 1238;
			sourceTree = "<group>";
		};
		76DFEBA7286C52F700185A5D /* 17396 */ = {
			isa = PBXGroup;
			children = (
				76DFEBA8286C530200185A5D /* 17396.swift */,
			);
			path = 17396;
			sourceTree = "<group>";
		};
		76DFEBAA286C605D00185A5D /* 11404 */ = {
			isa = PBXGroup;
			children = (
				76DFEBAB286C606B00185A5D /* 11404.swift */,
			);
			path = 11404;
			sourceTree = "<group>";
		};
		76DFEBAF286DE89B00185A5D /* 2610 */ = {
			isa = PBXGroup;
			children = (
				76DFEBB0286DE8A400185A5D /* 2610.swift */,
			);
			path = 2610;
			sourceTree = "<group>";
		};
		76DFEBB2286EBDF900185A5D /* 11657 */ = {
			isa = PBXGroup;
			children = (
				76DFEBB3286EBE1000185A5D /* 11657.swift */,
			);
			path = 11657;
			sourceTree = "<group>";
		};
		76DFEBB5286ECD7A00185A5D /* 1865 */ = {
			isa = PBXGroup;
			children = (
				76DFEBB6286ECD8900185A5D /* 1865.swift */,
			);
			path = 1865;
			sourceTree = "<group>";
		};
/* End PBXGroup section */

/* Begin PBXNativeTarget section */
		766F5DF72826390100B936E5 /* BaekJoon */ = {
			isa = PBXNativeTarget;
			buildConfigurationList = 766F5DFF2826390100B936E5 /* Build configuration list for PBXNativeTarget "BaekJoon" */;
			buildPhases = (
				766F5DF42826390100B936E5 /* Sources */,
				766F5DF52826390100B936E5 /* Frameworks */,
				766F5DF62826390100B936E5 /* CopyFiles */,
			);
			buildRules = (
			);
			dependencies = (
			);
			name = BaekJoon;
			productName = BaekJoon;
			productReference = 766F5DF82826390100B936E5 /* BaekJoon */;
			productType = "com.apple.product-type.tool";
		};
/* End PBXNativeTarget section */

/* Begin PBXProject section */
		766F5DF02826390100B936E5 /* Project object */ = {
			isa = PBXProject;
			attributes = {
				BuildIndependentTargetsInParallel = 1;
				LastSwiftUpdateCheck = 1330;
				LastUpgradeCheck = 1330;
				TargetAttributes = {
					766F5DF72826390100B936E5 = {
						CreatedOnToolsVersion = 13.3.1;
						LastSwiftMigration = 1330;
					};
				};
			};
			buildConfigurationList = 766F5DF32826390100B936E5 /* Build configuration list for PBXProject "BaekJoon" */;
			compatibilityVersion = "Xcode 13.0";
			developmentRegion = en;
			hasScannedForEncodings = 0;
			knownRegions = (
				en,
				Base,
			);
			mainGroup = 766F5DEF2826390100B936E5;
			productRefGroup = 766F5DF92826390100B936E5 /* Products */;
			projectDirPath = "";
			projectRoot = "";
			targets = (
				766F5DF72826390100B936E5 /* BaekJoon */,
			);
		};
/* End PBXProject section */

/* Begin PBXSourcesBuildPhase section */
		766F5DF42826390100B936E5 /* Sources */ = {
			isa = PBXSourcesBuildPhase;
			buildActionMask = 2147483647;
			files = (
				76DFEBB7286ECD8900185A5D /* 1865.swift in Sources */,
				766F5EB7283CF5DE00B936E5 /* 7576.swift in Sources */,
			);
			runOnlyForDeploymentPostprocessing = 0;
		};
/* End PBXSourcesBuildPhase section */

/* Begin XCBuildConfiguration section */
		766F5DFD2826390100B936E5 /* Debug */ = {
			isa = XCBuildConfiguration;
			buildSettings = {
				ALWAYS_SEARCH_USER_PATHS = NO;
				CLANG_ANALYZER_NONNULL = YES;
				CLANG_ANALYZER_NUMBER_OBJECT_CONVERSION = YES_AGGRESSIVE;
				CLANG_CXX_LANGUAGE_STANDARD = "gnu++17";
				CLANG_ENABLE_MODULES = YES;
				CLANG_ENABLE_OBJC_ARC = YES;
				CLANG_ENABLE_OBJC_WEAK = YES;
				CLANG_WARN_BLOCK_CAPTURE_AUTORELEASING = YES;
				CLANG_WARN_BOOL_CONVERSION = YES;
				CLANG_WARN_COMMA = YES;
				CLANG_WARN_CONSTANT_CONVERSION = YES;
				CLANG_WARN_DEPRECATED_OBJC_IMPLEMENTATIONS = YES;
				CLANG_WARN_DIRECT_OBJC_ISA_USAGE = YES_ERROR;
				CLANG_WARN_DOCUMENTATION_COMMENTS = YES;
				CLANG_WARN_EMPTY_BODY = YES;
				CLANG_WARN_ENUM_CONVERSION = YES;
				CLANG_WARN_INFINITE_RECURSION = YES;
				CLANG_WARN_INT_CONVERSION = YES;
				CLANG_WARN_NON_LITERAL_NULL_CONVERSION = YES;
				CLANG_WARN_OBJC_IMPLICIT_RETAIN_SELF = YES;
				CLANG_WARN_OBJC_LITERAL_CONVERSION = YES;
				CLANG_WARN_OBJC_ROOT_CLASS = YES_ERROR;
				CLANG_WARN_QUOTED_INCLUDE_IN_FRAMEWORK_HEADER = YES;
				CLANG_WARN_RANGE_LOOP_ANALYSIS = YES;
				CLANG_WARN_STRICT_PROTOTYPES = YES;
				CLANG_WARN_SUSPICIOUS_MOVE = YES;
				CLANG_WARN_UNGUARDED_AVAILABILITY = YES_AGGRESSIVE;
				CLANG_WARN_UNREACHABLE_CODE = YES;
				CLANG_WARN__DUPLICATE_METHOD_MATCH = YES;
				COPY_PHASE_STRIP = NO;
				DEBUG_INFORMATION_FORMAT = dwarf;
				ENABLE_STRICT_OBJC_MSGSEND = YES;
				ENABLE_TESTABILITY = YES;
				GCC_C_LANGUAGE_STANDARD = gnu11;
				GCC_DYNAMIC_NO_PIC = NO;
				GCC_NO_COMMON_BLOCKS = YES;
				GCC_OPTIMIZATION_LEVEL = 0;
				GCC_PREPROCESSOR_DEFINITIONS = (
					"DEBUG=1",
					"$(inherited)",
				);
				GCC_WARN_64_TO_32_BIT_CONVERSION = YES;
				GCC_WARN_ABOUT_RETURN_TYPE = YES_ERROR;
				GCC_WARN_UNDECLARED_SELECTOR = YES;
				GCC_WARN_UNINITIALIZED_AUTOS = YES_AGGRESSIVE;
				GCC_WARN_UNUSED_FUNCTION = YES;
				GCC_WARN_UNUSED_VARIABLE = YES;
				MACOSX_DEPLOYMENT_TARGET = 12.3;
				MTL_ENABLE_DEBUG_INFO = INCLUDE_SOURCE;
				MTL_FAST_MATH = YES;
				ONLY_ACTIVE_ARCH = YES;
				SDKROOT = macosx;
				SWIFT_ACTIVE_COMPILATION_CONDITIONS = DEBUG;
				SWIFT_OPTIMIZATION_LEVEL = "-Onone";
			};
			name = Debug;
		};
		766F5DFE2826390100B936E5 /* Release */ = {
			isa = XCBuildConfiguration;
			buildSettings = {
				ALWAYS_SEARCH_USER_PATHS = NO;
				CLANG_ANALYZER_NONNULL = YES;
				CLANG_ANALYZER_NUMBER_OBJECT_CONVERSION = YES_AGGRESSIVE;
				CLANG_CXX_LANGUAGE_STANDARD = "gnu++17";
				CLANG_ENABLE_MODULES = YES;
				CLANG_ENABLE_OBJC_ARC = YES;
				CLANG_ENABLE_OBJC_WEAK = YES;
				CLANG_WARN_BLOCK_CAPTURE_AUTORELEASING = YES;
				CLANG_WARN_BOOL_CONVERSION = YES;
				CLANG_WARN_COMMA = YES;
				CLANG_WARN_CONSTANT_CONVERSION = YES;
				CLANG_WARN_DEPRECATED_OBJC_IMPLEMENTATIONS = YES;
				CLANG_WARN_DIRECT_OBJC_ISA_USAGE = YES_ERROR;
				CLANG_WARN_DOCUMENTATION_COMMENTS = YES;
				CLANG_WARN_EMPTY_BODY = YES;
				CLANG_WARN_ENUM_CONVERSION = YES;
				CLANG_WARN_INFINITE_RECURSION = YES;
				CLANG_WARN_INT_CONVERSION = YES;
				CLANG_WARN_NON_LITERAL_NULL_CONVERSION = YES;
				CLANG_WARN_OBJC_IMPLICIT_RETAIN_SELF = YES;
				CLANG_WARN_OBJC_LITERAL_CONVERSION = YES;
				CLANG_WARN_OBJC_ROOT_CLASS = YES_ERROR;
				CLANG_WARN_QUOTED_INCLUDE_IN_FRAMEWORK_HEADER = YES;
				CLANG_WARN_RANGE_LOOP_ANALYSIS = YES;
				CLANG_WARN_STRICT_PROTOTYPES = YES;
				CLANG_WARN_SUSPICIOUS_MOVE = YES;
				CLANG_WARN_UNGUARDED_AVAILABILITY = YES_AGGRESSIVE;
				CLANG_WARN_UNREACHABLE_CODE = YES;
				CLANG_WARN__DUPLICATE_METHOD_MATCH = YES;
				COPY_PHASE_STRIP = NO;
				DEBUG_INFORMATION_FORMAT = "dwarf-with-dsym";
				ENABLE_NS_ASSERTIONS = NO;
				ENABLE_STRICT_OBJC_MSGSEND = YES;
				GCC_C_LANGUAGE_STANDARD = gnu11;
				GCC_NO_COMMON_BLOCKS = YES;
				GCC_WARN_64_TO_32_BIT_CONVERSION = YES;
				GCC_WARN_ABOUT_RETURN_TYPE = YES_ERROR;
				GCC_WARN_UNDECLARED_SELECTOR = YES;
				GCC_WARN_UNINITIALIZED_AUTOS = YES_AGGRESSIVE;
				GCC_WARN_UNUSED_FUNCTION = YES;
				GCC_WARN_UNUSED_VARIABLE = YES;
				MACOSX_DEPLOYMENT_TARGET = 12.3;
				MTL_ENABLE_DEBUG_INFO = NO;
				MTL_FAST_MATH = YES;
				SDKROOT = macosx;
				SWIFT_COMPILATION_MODE = wholemodule;
				SWIFT_OPTIMIZATION_LEVEL = "-O";
			};
			name = Release;
		};
		766F5E002826390100B936E5 /* Debug */ = {
			isa = XCBuildConfiguration;
			buildSettings = {
				CLANG_ENABLE_MODULES = YES;
				CODE_SIGN_STYLE = Automatic;
				LD_RUNPATH_SEARCH_PATHS = (
					"$(inherited)",
					"@executable_path/../Frameworks",
					"@loader_path/../Frameworks",
				);
				PRODUCT_NAME = "$(TARGET_NAME)";
				SWIFT_OBJC_BRIDGING_HEADER = "BaekJoon/1week/1931/BaekJoon-Bridging-Header.h";
				SWIFT_OPTIMIZATION_LEVEL = "-Onone";
				SWIFT_VERSION = 5.0;
			};
			name = Debug;
		};
		766F5E012826390100B936E5 /* Release */ = {
			isa = XCBuildConfiguration;
			buildSettings = {
				CLANG_ENABLE_MODULES = YES;
				CODE_SIGN_STYLE = Automatic;
				LD_RUNPATH_SEARCH_PATHS = (
					"$(inherited)",
					"@executable_path/../Frameworks",
					"@loader_path/../Frameworks",
				);
				PRODUCT_NAME = "$(TARGET_NAME)";
				SWIFT_OBJC_BRIDGING_HEADER = "BaekJoon/1week/1931/BaekJoon-Bridging-Header.h";
				SWIFT_VERSION = 5.0;
			};
			name = Release;
		};
/* End XCBuildConfiguration section */

/* Begin XCConfigurationList section */
		766F5DF32826390100B936E5 /* Build configuration list for PBXProject "BaekJoon" */ = {
			isa = XCConfigurationList;
			buildConfigurations = (
				766F5DFD2826390100B936E5 /* Debug */,
				766F5DFE2826390100B936E5 /* Release */,
			);
			defaultConfigurationIsVisible = 0;
			defaultConfigurationName = Release;
		};
		766F5DFF2826390100B936E5 /* Build configuration list for PBXNativeTarget "BaekJoon" */ = {
			isa = XCConfigurationList;
			buildConfigurations = (
				766F5E002826390100B936E5 /* Debug */,
				766F5E012826390100B936E5 /* Release */,
			);
			defaultConfigurationIsVisible = 0;
			defaultConfigurationName = Release;
		};
/* End XCConfigurationList section */
	};
	rootObject = 766F5DF02826390100B936E5 /* Project object */;
}
