// !$*UTF8*$!
{
	archiveVersion = 1;
	classes = {
	};
	objectVersion = 55;
	objects = {

/* Begin PBXBuildFile section */
		76AA76B128D88A56006FFCA2 /* main.swift in Sources */ = {isa = PBXBuildFile; fileRef = 76AA76B028D88A56006FFCA2 /* main.swift */; };
		76D184D328D20368006306D7 /* K_진수_변환기.swift in Sources */ = {isa = PBXBuildFile; fileRef = 76E97F3828D1F1380018D50C /* K_진수_변환기.swift */; };
/* End PBXBuildFile section */

/* Begin PBXCopyFilesBuildPhase section */
		76E97F3328D1F1380018D50C /* CopyFiles */ = {
			isa = PBXCopyFilesBuildPhase;
			buildActionMask = 2147483647;
			dstPath = /usr/share/man/man1/;
			dstSubfolderSpec = 0;
			files = (
			);
			runOnlyForDeploymentPostprocessing = 1;
		};
/* End PBXCopyFilesBuildPhase section */

/* Begin PBXFileReference section */
		76AA769C28D6E317006FFCA2 /* 숫자문자열_영단어.swift */ = {isa = PBXFileReference; lastKnownFileType = sourcecode.swift; path = "숫자문자열_영단어.swift"; sourceTree = "<group>"; };
		76AA769E28D6E603006FFCA2 /* 숫자문자열_영단어_개선.swift */ = {isa = PBXFileReference; lastKnownFileType = sourcecode.swift; path = "숫자문자열_영단어_개선.swift"; sourceTree = "<group>"; };
		76AA76A028D6E9AF006FFCA2 /* 거리두기.swift */ = {isa = PBXFileReference; lastKnownFileType = sourcecode.swift; path = "거리두기.swift"; sourceTree = "<group>"; };
		76AA76A228D71EA0006FFCA2 /* 거리두기_확인하기_맨해튼.swift */ = {isa = PBXFileReference; lastKnownFileType = sourcecode.swift; path = "거리두기_확인하기_맨해튼.swift"; sourceTree = "<group>"; };
		76AA76A428D75F1F006FFCA2 /* 파괴되지않은_건물.swift */ = {isa = PBXFileReference; lastKnownFileType = sourcecode.swift; path = "파괴되지않은_건물.swift"; sourceTree = "<group>"; };
		76AA76A628D765C6006FFCA2 /* 구간합테스트.swift */ = {isa = PBXFileReference; lastKnownFileType = sourcecode.swift; path = "구간합테스트.swift"; sourceTree = "<group>"; };
		76AA76A928D78702006FFCA2 /* 양과늑대_실수.swift */ = {isa = PBXFileReference; lastKnownFileType = sourcecode.swift; path = "양과늑대_실수.swift"; sourceTree = "<group>"; };
		76AA76AC28D87447006FFCA2 /* 양과늑대.swift */ = {isa = PBXFileReference; lastKnownFileType = sourcecode.swift; path = "양과늑대.swift"; sourceTree = "<group>"; };
		76AA76AE28D8807D006FFCA2 /* 이기는 횟수.swift */ = {isa = PBXFileReference; lastKnownFileType = sourcecode.swift; path = "이기는 횟수.swift"; sourceTree = "<group>"; };
		76AA76B028D88A56006FFCA2 /* main.swift */ = {isa = PBXFileReference; lastKnownFileType = sourcecode.swift; path = main.swift; sourceTree = "<group>"; };
		76D184D128D2035A006306D7 /* 주차_요금_계산.swift */ = {isa = PBXFileReference; lastKnownFileType = sourcecode.swift; path = "주차_요금_계산.swift"; sourceTree = "<group>"; };
		76D184D428D229C3006306D7 /* 신고_결과_받기.swift */ = {isa = PBXFileReference; lastKnownFileType = sourcecode.swift; path = "신고_결과_받기.swift"; sourceTree = "<group>"; };
		76D184D628D24F5E006306D7 /* 양궁대회.swift */ = {isa = PBXFileReference; lastKnownFileType = sourcecode.swift; path = "양궁대회.swift"; sourceTree = "<group>"; };
		76D184D928D2DD68006306D7 /* 두큐의_합.swift */ = {isa = PBXFileReference; lastKnownFileType = sourcecode.swift; path = "두큐의_합.swift"; sourceTree = "<group>"; };
		76D184DB28D35599006306D7 /* 성격_유형_검사기.swift */ = {isa = PBXFileReference; lastKnownFileType = sourcecode.swift; path = "성격_유형_검사기.swift"; sourceTree = "<group>"; };
		76D184DE28D4A177006306D7 /* 신규아이디_추천.swift */ = {isa = PBXFileReference; lastKnownFileType = sourcecode.swift; path = "신규아이디_추천.swift"; sourceTree = "<group>"; };
		76D184E028D4A918006306D7 /* 메뉴리뉴얼.swift */ = {isa = PBXFileReference; lastKnownFileType = sourcecode.swift; path = "메뉴리뉴얼.swift"; sourceTree = "<group>"; };
		76D184E528D609C6006306D7 /* 순위검색_DP.swift */ = {isa = PBXFileReference; lastKnownFileType = sourcecode.swift; path = "순위검색_DP.swift"; sourceTree = "<group>"; };
		76D184E728D6AB07006306D7 /* 순위검색.swift */ = {isa = PBXFileReference; lastKnownFileType = sourcecode.swift; path = "순위검색.swift"; sourceTree = "<group>"; };
		76E97F3528D1F1380018D50C /* Programmers */ = {isa = PBXFileReference; explicitFileType = "compiled.mach-o.executable"; includeInIndex = 0; path = Programmers; sourceTree = BUILT_PRODUCTS_DIR; };
		76E97F3828D1F1380018D50C /* K_진수_변환기.swift */ = {isa = PBXFileReference; lastKnownFileType = sourcecode.swift; path = "K_진수_변환기.swift"; sourceTree = "<group>"; };
/* End PBXFileReference section */

/* Begin PBXFrameworksBuildPhase section */
		76E97F3228D1F1380018D50C /* Frameworks */ = {
			isa = PBXFrameworksBuildPhase;
			buildActionMask = 2147483647;
			files = (
			);
			runOnlyForDeploymentPostprocessing = 0;
		};
/* End PBXFrameworksBuildPhase section */

/* Begin PBXGroup section */
		76AA769B28D6E220006FFCA2 /* kakao_2021_internship */ = {
			isa = PBXGroup;
			children = (
				76AA769C28D6E317006FFCA2 /* 숫자문자열_영단어.swift */,
				76AA769E28D6E603006FFCA2 /* 숫자문자열_영단어_개선.swift */,
				76AA76A028D6E9AF006FFCA2 /* 거리두기.swift */,
				76AA76A228D71EA0006FFCA2 /* 거리두기_확인하기_맨해튼.swift */,
			);
			path = kakao_2021_internship;
			sourceTree = "<group>";
		};
		76D184D828D2DD5B006306D7 /* kakao_2022_intership */ = {
			isa = PBXGroup;
			children = (
				76D184D928D2DD68006306D7 /* 두큐의_합.swift */,
				76D184DB28D35599006306D7 /* 성격_유형_검사기.swift */,
				76AA76B028D88A56006FFCA2 /* main.swift */,
			);
			path = kakao_2022_intership;
			sourceTree = "<group>";
		};
		76D184DD28D4A152006306D7 /* kakao_2021_blind_recruit */ = {
			isa = PBXGroup;
			children = (
				76D184DE28D4A177006306D7 /* 신규아이디_추천.swift */,
				76D184E028D4A918006306D7 /* 메뉴리뉴얼.swift */,
				76D184E528D609C6006306D7 /* 순위검색_DP.swift */,
				76D184E728D6AB07006306D7 /* 순위검색.swift */,
			);
			path = kakao_2021_blind_recruit;
			sourceTree = "<group>";
		};
		76E97F2C28D1F1380018D50C = {
			isa = PBXGroup;
			children = (
				76E97F3728D1F1380018D50C /* Programmers */,
				76E97F3628D1F1380018D50C /* Products */,
			);
			sourceTree = "<group>";
		};
		76E97F3628D1F1380018D50C /* Products */ = {
			isa = PBXGroup;
			children = (
				76E97F3528D1F1380018D50C /* Programmers */,
			);
			name = Products;
			sourceTree = "<group>";
		};
		76E97F3728D1F1380018D50C /* Programmers */ = {
			isa = PBXGroup;
			children = (
				76AA769B28D6E220006FFCA2 /* kakao_2021_internship */,
				76D184DD28D4A152006306D7 /* kakao_2021_blind_recruit */,
				76D184D828D2DD5B006306D7 /* kakao_2022_intership */,
				76E97F3F28D1F1550018D50C /* kakao_2022_blind_recruit */,
			);
			path = Programmers;
			sourceTree = "<group>";
		};
		76E97F3F28D1F1550018D50C /* kakao_2022_blind_recruit */ = {
			isa = PBXGroup;
			children = (
				76E97F3828D1F1380018D50C /* K_진수_변환기.swift */,
				76D184D128D2035A006306D7 /* 주차_요금_계산.swift */,
				76D184D428D229C3006306D7 /* 신고_결과_받기.swift */,
				76D184D628D24F5E006306D7 /* 양궁대회.swift */,
				76AA76A428D75F1F006FFCA2 /* 파괴되지않은_건물.swift */,
				76AA76A628D765C6006FFCA2 /* 구간합테스트.swift */,
				76AA76A928D78702006FFCA2 /* 양과늑대_실수.swift */,
				76AA76AC28D87447006FFCA2 /* 양과늑대.swift */,
				76AA76AE28D8807D006FFCA2 /* 이기는 횟수.swift */,
			);
			path = kakao_2022_blind_recruit;
			sourceTree = "<group>";
		};
/* End PBXGroup section */

/* Begin PBXNativeTarget section */
		76E97F3428D1F1380018D50C /* Programmers */ = {
			isa = PBXNativeTarget;
			buildConfigurationList = 76E97F3C28D1F1380018D50C /* Build configuration list for PBXNativeTarget "Programmers" */;
			buildPhases = (
				76E97F3128D1F1380018D50C /* Sources */,
				76E97F3228D1F1380018D50C /* Frameworks */,
				76E97F3328D1F1380018D50C /* CopyFiles */,
			);
			buildRules = (
			);
			dependencies = (
			);
			name = Programmers;
			packageProductDependencies = (
			);
			productName = Programmers;
			productReference = 76E97F3528D1F1380018D50C /* Programmers */;
			productType = "com.apple.product-type.tool";
		};
/* End PBXNativeTarget section */

/* Begin PBXProject section */
		76E97F2D28D1F1380018D50C /* Project object */ = {
			isa = PBXProject;
			attributes = {
				BuildIndependentTargetsInParallel = 1;
				LastSwiftUpdateCheck = 1330;
				LastUpgradeCheck = 1330;
				TargetAttributes = {
					76E97F3428D1F1380018D50C = {
						CreatedOnToolsVersion = 13.3.1;
						LastSwiftMigration = 1330;
					};
				};
			};
			buildConfigurationList = 76E97F3028D1F1380018D50C /* Build configuration list for PBXProject "Programmers" */;
			compatibilityVersion = "Xcode 13.0";
			developmentRegion = en;
			hasScannedForEncodings = 0;
			knownRegions = (
				en,
				Base,
			);
			mainGroup = 76E97F2C28D1F1380018D50C;
			packageReferences = (
			);
			productRefGroup = 76E97F3628D1F1380018D50C /* Products */;
			projectDirPath = "";
			projectRoot = "";
			targets = (
				76E97F3428D1F1380018D50C /* Programmers */,
			);
		};
/* End PBXProject section */

/* Begin PBXSourcesBuildPhase section */
		76E97F3128D1F1380018D50C /* Sources */ = {
			isa = PBXSourcesBuildPhase;
			buildActionMask = 2147483647;
			files = (
				76D184D328D20368006306D7 /* K_진수_변환기.swift in Sources */,
				76AA76B128D88A56006FFCA2 /* main.swift in Sources */,
			);
			runOnlyForDeploymentPostprocessing = 0;
		};
/* End PBXSourcesBuildPhase section */

/* Begin XCBuildConfiguration section */
		76E97F3A28D1F1380018D50C /* Debug */ = {
			isa = XCBuildConfiguration;
			buildSettings = {
				ALWAYS_SEARCH_USER_PATHS = NO;
				CLANG_ANALYZER_NONNULL = YES;
				CLANG_ANALYZER_NUMBER_OBJECT_CONVERSION = YES_AGGRESSIVE;
				CLANG_CXX_LANGUAGE_STANDARD = "gnu++17";
				CLANG_ENABLE_MODULES = YES;
				CLANG_ENABLE_OBJC_ARC = YES;
				CLANG_ENABLE_OBJC_WEAK = YES;
				CLANG_WARN_BLOCK_CAPTURE_AUTORELEASING = YES;
				CLANG_WARN_BOOL_CONVERSION = YES;
				CLANG_WARN_COMMA = YES;
				CLANG_WARN_CONSTANT_CONVERSION = YES;
				CLANG_WARN_DEPRECATED_OBJC_IMPLEMENTATIONS = YES;
				CLANG_WARN_DIRECT_OBJC_ISA_USAGE = YES_ERROR;
				CLANG_WARN_DOCUMENTATION_COMMENTS = YES;
				CLANG_WARN_EMPTY_BODY = YES;
				CLANG_WARN_ENUM_CONVERSION = YES;
				CLANG_WARN_INFINITE_RECURSION = YES;
				CLANG_WARN_INT_CONVERSION = YES;
				CLANG_WARN_NON_LITERAL_NULL_CONVERSION = YES;
				CLANG_WARN_OBJC_IMPLICIT_RETAIN_SELF = YES;
				CLANG_WARN_OBJC_LITERAL_CONVERSION = YES;
				CLANG_WARN_OBJC_ROOT_CLASS = YES_ERROR;
				CLANG_WARN_QUOTED_INCLUDE_IN_FRAMEWORK_HEADER = YES;
				CLANG_WARN_RANGE_LOOP_ANALYSIS = YES;
				CLANG_WARN_STRICT_PROTOTYPES = YES;
				CLANG_WARN_SUSPICIOUS_MOVE = YES;
				CLANG_WARN_UNGUARDED_AVAILABILITY = YES_AGGRESSIVE;
				CLANG_WARN_UNREACHABLE_CODE = YES;
				CLANG_WARN__DUPLICATE_METHOD_MATCH = YES;
				COPY_PHASE_STRIP = NO;
				DEBUG_INFORMATION_FORMAT = dwarf;
				ENABLE_STRICT_OBJC_MSGSEND = YES;
				ENABLE_TESTABILITY = YES;
				GCC_C_LANGUAGE_STANDARD = gnu11;
				GCC_DYNAMIC_NO_PIC = NO;
				GCC_NO_COMMON_BLOCKS = YES;
				GCC_OPTIMIZATION_LEVEL = 0;
				GCC_PREPROCESSOR_DEFINITIONS = (
					"DEBUG=1",
					"$(inherited)",
				);
				GCC_WARN_64_TO_32_BIT_CONVERSION = YES;
				GCC_WARN_ABOUT_RETURN_TYPE = YES_ERROR;
				GCC_WARN_UNDECLARED_SELECTOR = YES;
				GCC_WARN_UNINITIALIZED_AUTOS = YES_AGGRESSIVE;
				GCC_WARN_UNUSED_FUNCTION = YES;
				GCC_WARN_UNUSED_VARIABLE = YES;
				MACOSX_DEPLOYMENT_TARGET = 12.3;
				MTL_ENABLE_DEBUG_INFO = INCLUDE_SOURCE;
				MTL_FAST_MATH = YES;
				ONLY_ACTIVE_ARCH = YES;
				SDKROOT = macosx;
				SWIFT_ACTIVE_COMPILATION_CONDITIONS = DEBUG;
				SWIFT_OPTIMIZATION_LEVEL = "-Onone";
			};
			name = Debug;
		};
		76E97F3B28D1F1380018D50C /* Release */ = {
			isa = XCBuildConfiguration;
			buildSettings = {
				ALWAYS_SEARCH_USER_PATHS = NO;
				CLANG_ANALYZER_NONNULL = YES;
				CLANG_ANALYZER_NUMBER_OBJECT_CONVERSION = YES_AGGRESSIVE;
				CLANG_CXX_LANGUAGE_STANDARD = "gnu++17";
				CLANG_ENABLE_MODULES = YES;
				CLANG_ENABLE_OBJC_ARC = YES;
				CLANG_ENABLE_OBJC_WEAK = YES;
				CLANG_WARN_BLOCK_CAPTURE_AUTORELEASING = YES;
				CLANG_WARN_BOOL_CONVERSION = YES;
				CLANG_WARN_COMMA = YES;
				CLANG_WARN_CONSTANT_CONVERSION = YES;
				CLANG_WARN_DEPRECATED_OBJC_IMPLEMENTATIONS = YES;
				CLANG_WARN_DIRECT_OBJC_ISA_USAGE = YES_ERROR;
				CLANG_WARN_DOCUMENTATION_COMMENTS = YES;
				CLANG_WARN_EMPTY_BODY = YES;
				CLANG_WARN_ENUM_CONVERSION = YES;
				CLANG_WARN_INFINITE_RECURSION = YES;
				CLANG_WARN_INT_CONVERSION = YES;
				CLANG_WARN_NON_LITERAL_NULL_CONVERSION = YES;
				CLANG_WARN_OBJC_IMPLICIT_RETAIN_SELF = YES;
				CLANG_WARN_OBJC_LITERAL_CONVERSION = YES;
				CLANG_WARN_OBJC_ROOT_CLASS = YES_ERROR;
				CLANG_WARN_QUOTED_INCLUDE_IN_FRAMEWORK_HEADER = YES;
				CLANG_WARN_RANGE_LOOP_ANALYSIS = YES;
				CLANG_WARN_STRICT_PROTOTYPES = YES;
				CLANG_WARN_SUSPICIOUS_MOVE = YES;
				CLANG_WARN_UNGUARDED_AVAILABILITY = YES_AGGRESSIVE;
				CLANG_WARN_UNREACHABLE_CODE = YES;
				CLANG_WARN__DUPLICATE_METHOD_MATCH = YES;
				COPY_PHASE_STRIP = NO;
				DEBUG_INFORMATION_FORMAT = "dwarf-with-dsym";
				ENABLE_NS_ASSERTIONS = NO;
				ENABLE_STRICT_OBJC_MSGSEND = YES;
				GCC_C_LANGUAGE_STANDARD = gnu11;
				GCC_NO_COMMON_BLOCKS = YES;
				GCC_WARN_64_TO_32_BIT_CONVERSION = YES;
				GCC_WARN_ABOUT_RETURN_TYPE = YES_ERROR;
				GCC_WARN_UNDECLARED_SELECTOR = YES;
				GCC_WARN_UNINITIALIZED_AUTOS = YES_AGGRESSIVE;
				GCC_WARN_UNUSED_FUNCTION = YES;
				GCC_WARN_UNUSED_VARIABLE = YES;
				MACOSX_DEPLOYMENT_TARGET = 12.3;
				MTL_ENABLE_DEBUG_INFO = NO;
				MTL_FAST_MATH = YES;
				SDKROOT = macosx;
				SWIFT_COMPILATION_MODE = wholemodule;
				SWIFT_OPTIMIZATION_LEVEL = "-O";
			};
			name = Release;
		};
		76E97F3D28D1F1380018D50C /* Debug */ = {
			isa = XCBuildConfiguration;
			buildSettings = {
				CLANG_ENABLE_MODULES = YES;
				CODE_SIGN_STYLE = Automatic;
				DEVELOPMENT_TEAM = 2RG6A633V9;
				ENABLE_HARDENED_RUNTIME = YES;
				LD_RUNPATH_SEARCH_PATHS = (
					"$(inherited)",
					"@executable_path/../Frameworks",
					"@loader_path/../Frameworks",
				);
				PRODUCT_NAME = "$(TARGET_NAME)";
				SWIFT_OPTIMIZATION_LEVEL = "-Onone";
				SWIFT_VERSION = 5.0;
			};
			name = Debug;
		};
		76E97F3E28D1F1380018D50C /* Release */ = {
			isa = XCBuildConfiguration;
			buildSettings = {
				CLANG_ENABLE_MODULES = YES;
				CODE_SIGN_STYLE = Automatic;
				DEVELOPMENT_TEAM = 2RG6A633V9;
				ENABLE_HARDENED_RUNTIME = YES;
				LD_RUNPATH_SEARCH_PATHS = (
					"$(inherited)",
					"@executable_path/../Frameworks",
					"@loader_path/../Frameworks",
				);
				PRODUCT_NAME = "$(TARGET_NAME)";
				SWIFT_VERSION = 5.0;
			};
			name = Release;
		};
/* End XCBuildConfiguration section */

/* Begin XCConfigurationList section */
		76E97F3028D1F1380018D50C /* Build configuration list for PBXProject "Programmers" */ = {
			isa = XCConfigurationList;
			buildConfigurations = (
				76E97F3A28D1F1380018D50C /* Debug */,
				76E97F3B28D1F1380018D50C /* Release */,
			);
			defaultConfigurationIsVisible = 0;
			defaultConfigurationName = Release;
		};
		76E97F3C28D1F1380018D50C /* Build configuration list for PBXNativeTarget "Programmers" */ = {
			isa = XCConfigurationList;
			buildConfigurations = (
				76E97F3D28D1F1380018D50C /* Debug */,
				76E97F3E28D1F1380018D50C /* Release */,
			);
			defaultConfigurationIsVisible = 0;
			defaultConfigurationName = Release;
		};
/* End XCConfigurationList section */
	};
	rootObject = 76E97F2D28D1F1380018D50C /* Project object */;
}
